// !$*UTF8*$!
{
	archiveVersion = 1;
	classes = {
	};
	objectVersion = 53;
	objects = {

/* Begin PBXBuildFile section */
		B14D323E28A6DC9F00F0893A /* AppDelegate.swift in Sources */ = {isa = PBXBuildFile; fileRef = B14D323D28A6DC9F00F0893A /* AppDelegate.swift */; };
		B14D324028A6DC9F00F0893A /* SceneDelegate.swift in Sources */ = {isa = PBXBuildFile; fileRef = B14D323F28A6DC9F00F0893A /* SceneDelegate.swift */; };
		B14D324228A6DC9F00F0893A /* ViewController.swift in Sources */ = {isa = PBXBuildFile; fileRef = B14D324128A6DC9F00F0893A /* ViewController.swift */; };
		B14D324528A6DC9F00F0893A /* Main.storyboard in Resources */ = {isa = PBXBuildFile; fileRef = B14D324328A6DC9F00F0893A /* Main.storyboard */; };
		B14D324728A6DCA100F0893A /* Assets.xcassets in Resources */ = {isa = PBXBuildFile; fileRef = B14D324628A6DCA100F0893A /* Assets.xcassets */; };
		B14D324A28A6DCA100F0893A /* LaunchScreen.storyboard in Resources */ = {isa = PBXBuildFile; fileRef = B14D324828A6DCA100F0893A /* LaunchScreen.storyboard */; };
		B14D325528A6DCA100F0893A /* sololearnTests.swift in Sources */ = {isa = PBXBuildFile; fileRef = B14D325428A6DCA100F0893A /* sololearnTests.swift */; };
		B14D325F28A6DCA100F0893A /* sololearnUITests.swift in Sources */ = {isa = PBXBuildFile; fileRef = B14D325E28A6DCA100F0893A /* sololearnUITests.swift */; };
		B14D326128A6DCA100F0893A /* sololearnUITestsLaunchTests.swift in Sources */ = {isa = PBXBuildFile; fileRef = B14D326028A6DCA100F0893A /* sololearnUITestsLaunchTests.swift */; };
		B14D326E28A770C000F0893A /* ItemTableViewCell.swift in Sources */ = {isa = PBXBuildFile; fileRef = B14D326D28A770C000F0893A /* ItemTableViewCell.swift */; };
		B14D327028A7725300F0893A /* Item.swift in Sources */ = {isa = PBXBuildFile; fileRef = B14D326F28A7725300F0893A /* Item.swift */; };
		B14D327428A7771900F0893A /* ItemTableViewController.swift in Sources */ = {isa = PBXBuildFile; fileRef = B14D327328A7771900F0893A /* ItemTableViewController.swift */; };
/* End PBXBuildFile section */

/* Begin PBXContainerItemProxy section */
		B14D325128A6DCA100F0893A /* PBXContainerItemProxy */ = {
			isa = PBXContainerItemProxy;
			containerPortal = B14D323228A6DC9F00F0893A /* Project object */;
			proxyType = 1;
			remoteGlobalIDString = B14D323928A6DC9F00F0893A;
			remoteInfo = sololearn;
		};
		B14D325B28A6DCA100F0893A /* PBXContainerItemProxy */ = {
			isa = PBXContainerItemProxy;
			containerPortal = B14D323228A6DC9F00F0893A /* Project object */;
			proxyType = 1;
			remoteGlobalIDString = B14D323928A6DC9F00F0893A;
			remoteInfo = sololearn;
		};
/* End PBXContainerItemProxy section */

/* Begin PBXFileReference section */
		B14D323A28A6DC9F00F0893A /* sololearn.app */ = {isa = PBXFileReference; explicitFileType = wrapper.application; includeInIndex = 0; path = sololearn.app; sourceTree = BUILT_PRODUCTS_DIR; };
		B14D323D28A6DC9F00F0893A /* AppDelegate.swift */ = {isa = PBXFileReference; lastKnownFileType = sourcecode.swift; path = AppDelegate.swift; sourceTree = "<group>"; };
		B14D323F28A6DC9F00F0893A /* SceneDelegate.swift */ = {isa = PBXFileReference; lastKnownFileType = sourcecode.swift; path = SceneDelegate.swift; sourceTree = "<group>"; };
		B14D324128A6DC9F00F0893A /* ViewController.swift */ = {isa = PBXFileReference; lastKnownFileType = sourcecode.swift; path = ViewController.swift; sourceTree = "<group>"; };
		B14D324428A6DC9F00F0893A /* Base */ = {isa = PBXFileReference; lastKnownFileType = file.storyboard; name = Base; path = Base.lproj/Main.storyboard; sourceTree = "<group>"; };
		B14D324628A6DCA100F0893A /* Assets.xcassets */ = {isa = PBXFileReference; lastKnownFileType = folder.assetcatalog; path = Assets.xcassets; sourceTree = "<group>"; };
		B14D324928A6DCA100F0893A /* Base */ = {isa = PBXFileReference; lastKnownFileType = file.storyboard; name = Base; path = Base.lproj/LaunchScreen.storyboard; sourceTree = "<group>"; };
		B14D324B28A6DCA100F0893A /* Info.plist */ = {isa = PBXFileReference; lastKnownFileType = text.plist.xml; path = Info.plist; sourceTree = "<group>"; };
		B14D325028A6DCA100F0893A /* sololearnTests.xctest */ = {isa = PBXFileReference; explicitFileType = wrapper.cfbundle; includeInIndex = 0; path = sololearnTests.xctest; sourceTree = BUILT_PRODUCTS_DIR; };
		B14D325428A6DCA100F0893A /* sololearnTests.swift */ = {isa = PBXFileReference; lastKnownFileType = sourcecode.swift; path = sololearnTests.swift; sourceTree = "<group>"; };
		B14D325A28A6DCA100F0893A /* sololearnUITests.xctest */ = {isa = PBXFileReference; explicitFileType = wrapper.cfbundle; includeInIndex = 0; path = sololearnUITests.xctest; sourceTree = BUILT_PRODUCTS_DIR; };
		B14D325E28A6DCA100F0893A /* sololearnUITests.swift */ = {isa = PBXFileReference; lastKnownFileType = sourcecode.swift; path = sololearnUITests.swift; sourceTree = "<group>"; };
		B14D326028A6DCA100F0893A /* sololearnUITestsLaunchTests.swift */ = {isa = PBXFileReference; lastKnownFileType = sourcecode.swift; path = sololearnUITestsLaunchTests.swift; sourceTree = "<group>"; };
		B14D326D28A770C000F0893A /* ItemTableViewCell.swift */ = {isa = PBXFileReference; lastKnownFileType = sourcecode.swift; path = ItemTableViewCell.swift; sourceTree = "<group>"; };
		B14D326F28A7725300F0893A /* Item.swift */ = {isa = PBXFileReference; lastKnownFileType = sourcecode.swift; path = Item.swift; sourceTree = "<group>"; };
		B14D327328A7771900F0893A /* ItemTableViewController.swift */ = {isa = PBXFileReference; lastKnownFileType = sourcecode.swift; path = ItemTableViewController.swift; sourceTree = "<group>"; };
/* End PBXFileReference section */

/* Begin PBXFrameworksBuildPhase section */
		B14D323728A6DC9F00F0893A /* Frameworks */ = {
			isa = PBXFrameworksBuildPhase;
			buildActionMask = 2147483647;
			files = (
			);
			runOnlyForDeploymentPostprocessing = 0;
		};
		B14D324D28A6DCA100F0893A /* Frameworks */ = {
			isa = PBXFrameworksBuildPhase;
			buildActionMask = 2147483647;
			files = (
			);
			runOnlyForDeploymentPostprocessing = 0;
		};
		B14D325728A6DCA100F0893A /* Frameworks */ = {
			isa = PBXFrameworksBuildPhase;
			buildActionMask = 2147483647;
			files = (
			);
			runOnlyForDeploymentPostprocessing = 0;
		};
/* End PBXFrameworksBuildPhase section */

/* Begin PBXGroup section */
		B14D323128A6DC9F00F0893A = {
			isa = PBXGroup;
			children = (
				B14D323C28A6DC9F00F0893A /* sololearn */,
				B14D325328A6DCA100F0893A /* sololearnTests */,
				B14D325D28A6DCA100F0893A /* sololearnUITests */,
				B14D323B28A6DC9F00F0893A /* Products */,
			);
			sourceTree = "<group>";
		};
		B14D323B28A6DC9F00F0893A /* Products */ = {
			isa = PBXGroup;
			children = (
				B14D323A28A6DC9F00F0893A /* sololearn.app */,
				B14D325028A6DCA100F0893A /* sololearnTests.xctest */,
				B14D325A28A6DCA100F0893A /* sololearnUITests.xctest */,
			);
			name = Products;
			sourceTree = "<group>";
		};
		B14D323C28A6DC9F00F0893A /* sololearn */ = {
			isa = PBXGroup;
			children = (
				B14D323D28A6DC9F00F0893A /* AppDelegate.swift */,
				B14D323F28A6DC9F00F0893A /* SceneDelegate.swift */,
				B14D324128A6DC9F00F0893A /* ViewController.swift */,
				B14D324328A6DC9F00F0893A /* Main.storyboard */,
				B14D327328A7771900F0893A /* ItemTableViewController.swift */,
				B14D326F28A7725300F0893A /* Item.swift */,
				B14D326D28A770C000F0893A /* ItemTableViewCell.swift */,
				B14D324628A6DCA100F0893A /* Assets.xcassets */,
				B14D324828A6DCA100F0893A /* LaunchScreen.storyboard */,
				B14D324B28A6DCA100F0893A /* Info.plist */,
			);
			path = sololearn;
			sourceTree = "<group>";
		};
		B14D325328A6DCA100F0893A /* sololearnTests */ = {
			isa = PBXGroup;
			children = (
				B14D325428A6DCA100F0893A /* sololearnTests.swift */,
			);
			path = sololearnTests;
			sourceTree = "<group>";
		};
		B14D325D28A6DCA100F0893A /* sololearnUITests */ = {
			isa = PBXGroup;
			children = (
				B14D325E28A6DCA100F0893A /* sololearnUITests.swift */,
				B14D326028A6DCA100F0893A /* sololearnUITestsLaunchTests.swift */,
			);
			path = sololearnUITests;
			sourceTree = "<group>";
		};
/* End PBXGroup section */

/* Begin PBXNativeTarget section */
		B14D323928A6DC9F00F0893A /* sololearn */ = {
			isa = PBXNativeTarget;
			buildConfigurationList = B14D326428A6DCA100F0893A /* Build configuration list for PBXNativeTarget "sololearn" */;
			buildPhases = (
				B14D323628A6DC9F00F0893A /* Sources */,
				B14D323728A6DC9F00F0893A /* Frameworks */,
				B14D323828A6DC9F00F0893A /* Resources */,
			);
			buildRules = (
			);
			dependencies = (
			);
			name = sololearn;
			productName = sololearn;
			productReference = B14D323A28A6DC9F00F0893A /* sololearn.app */;
			productType = "com.apple.product-type.application";
		};
		B14D324F28A6DCA100F0893A /* sololearnTests */ = {
			isa = PBXNativeTarget;
			buildConfigurationList = B14D326728A6DCA100F0893A /* Build configuration list for PBXNativeTarget "sololearnTests" */;
			buildPhases = (
				B14D324C28A6DCA100F0893A /* Sources */,
				B14D324D28A6DCA100F0893A /* Frameworks */,
				B14D324E28A6DCA100F0893A /* Resources */,
			);
			buildRules = (
			);
			dependencies = (
				B14D325228A6DCA100F0893A /* PBXTargetDependency */,
			);
			name = sololearnTests;
			productName = sololearnTests;
			productReference = B14D325028A6DCA100F0893A /* sololearnTests.xctest */;
			productType = "com.apple.product-type.bundle.unit-test";
		};
		B14D325928A6DCA100F0893A /* sololearnUITests */ = {
			isa = PBXNativeTarget;
			buildConfigurationList = B14D326A28A6DCA100F0893A /* Build configuration list for PBXNativeTarget "sololearnUITests" */;
			buildPhases = (
				B14D325628A6DCA100F0893A /* Sources */,
				B14D325728A6DCA100F0893A /* Frameworks */,
				B14D325828A6DCA100F0893A /* Resources */,
			);
			buildRules = (
			);
			dependencies = (
				B14D325C28A6DCA100F0893A /* PBXTargetDependency */,
			);
			name = sololearnUITests;
			productName = sololearnUITests;
			productReference = B14D325A28A6DCA100F0893A /* sololearnUITests.xctest */;
			productType = "com.apple.product-type.bundle.ui-testing";
		};
/* End PBXNativeTarget section */

/* Begin PBXProject section */
		B14D323228A6DC9F00F0893A /* Project object */ = {
			isa = PBXProject;
			attributes = {
				BuildIndependentTargetsInParallel = 1;
				LastSwiftUpdateCheck = 1340;
				LastUpgradeCheck = 1340;
				TargetAttributes = {
					B14D323928A6DC9F00F0893A = {
						CreatedOnToolsVersion = 13.4;
					};
					B14D324F28A6DCA100F0893A = {
						CreatedOnToolsVersion = 13.4;
						TestTargetID = B14D323928A6DC9F00F0893A;
					};
					B14D325928A6DCA100F0893A = {
						CreatedOnToolsVersion = 13.4;
						TestTargetID = B14D323928A6DC9F00F0893A;
					};
				};
			};
			buildConfigurationList = B14D323528A6DC9F00F0893A /* Build configuration list for PBXProject "sololearn" */;
			compatibilityVersion = "Xcode 10.0";
			developmentRegion = en;
			hasScannedForEncodings = 0;
			knownRegions = (
				en,
				Base,
			);
			mainGroup = B14D323128A6DC9F00F0893A;
			productRefGroup = B14D323B28A6DC9F00F0893A /* Products */;
			projectDirPath = "";
			projectRoot = "";
			targets = (
				B14D323928A6DC9F00F0893A /* sololearn */,
				B14D324F28A6DCA100F0893A /* sololearnTests */,
				B14D325928A6DCA100F0893A /* sololearnUITests */,
			);
		};
/* End PBXProject section */

/* Begin PBXResourcesBuildPhase section */
		B14D323828A6DC9F00F0893A /* Resources */ = {
			isa = PBXResourcesBuildPhase;
			buildActionMask = 2147483647;
			files = (
				B14D324A28A6DCA100F0893A /* LaunchScreen.storyboard in Resources */,
				B14D324728A6DCA100F0893A /* Assets.xcassets in Resources */,
				B14D324528A6DC9F00F0893A /* Main.storyboard in Resources */,
			);
			runOnlyForDeploymentPostprocessing = 0;
		};
		B14D324E28A6DCA100F0893A /* Resources */ = {
			isa = PBXResourcesBuildPhase;
			buildActionMask = 2147483647;
			files = (
			);
			runOnlyForDeploymentPostprocessing = 0;
		};
		B14D325828A6DCA100F0893A /* Resources */ = {
			isa = PBXResourcesBuildPhase;
			buildActionMask = 2147483647;
			files = (
			);
			runOnlyForDeploymentPostprocessing = 0;
		};
/* End PBXResourcesBuildPhase section */

/* Begin PBXSourcesBuildPhase section */
		B14D323628A6DC9F00F0893A /* Sources */ = {
			isa = PBXSourcesBuildPhase;
			buildActionMask = 2147483647;
			files = (
				B14D327028A7725300F0893A /* Item.swift in Sources */,
				B14D326E28A770C000F0893A /* ItemTableViewCell.swift in Sources */,
				B14D324228A6DC9F00F0893A /* ViewController.swift in Sources */,
				B14D323E28A6DC9F00F0893A /* AppDelegate.swift in Sources */,
				B14D327428A7771900F0893A /* ItemTableViewController.swift in Sources */,
				B14D324028A6DC9F00F0893A /* SceneDelegate.swift in Sources */,
			);
			runOnlyForDeploymentPostprocessing = 0;
		};
		B14D324C28A6DCA100F0893A /* Sources */ = {
			isa = PBXSourcesBuildPhase;
			buildActionMask = 2147483647;
			files = (
				B14D325528A6DCA100F0893A /* sololearnTests.swift in Sources */,
			);
			runOnlyForDeploymentPostprocessing = 0;
		};
		B14D325628A6DCA100F0893A /* Sources */ = {
			isa = PBXSourcesBuildPhase;
			buildActionMask = 2147483647;
			files = (
				B14D326128A6DCA100F0893A /* sololearnUITestsLaunchTests.swift in Sources */,
				B14D325F28A6DCA100F0893A /* sololearnUITests.swift in Sources */,
			);
			runOnlyForDeploymentPostprocessing = 0;
		};
/* End PBXSourcesBuildPhase section */

/* Begin PBXTargetDependency section */
		B14D325228A6DCA100F0893A /* PBXTargetDependency */ = {
			isa = PBXTargetDependency;
			target = B14D323928A6DC9F00F0893A /* sololearn */;
			targetProxy = B14D325128A6DCA100F0893A /* PBXContainerItemProxy */;
		};
		B14D325C28A6DCA100F0893A /* PBXTargetDependency */ = {
			isa = PBXTargetDependency;
			target = B14D323928A6DC9F00F0893A /* sololearn */;
			targetProxy = B14D325B28A6DCA100F0893A /* PBXContainerItemProxy */;
		};
/* End PBXTargetDependency section */

/* Begin PBXVariantGroup section */
		B14D324328A6DC9F00F0893A /* Main.storyboard */ = {
			isa = PBXVariantGroup;
			children = (
				B14D324428A6DC9F00F0893A /* Base */,
			);
			name = Main.storyboard;
			sourceTree = "<group>";
		};
		B14D324828A6DCA100F0893A /* LaunchScreen.storyboard */ = {
			isa = PBXVariantGroup;
			children = (
				B14D324928A6DCA100F0893A /* Base */,
			);
			name = LaunchScreen.storyboard;
			sourceTree = "<group>";
		};
/* End PBXVariantGroup section */

/* Begin XCBuildConfiguration section */
		B14D326228A6DCA100F0893A /* Debug */ = {
			isa = XCBuildConfiguration;
			buildSettings = {
				ALWAYS_SEARCH_USER_PATHS = NO;
				CLANG_ANALYZER_NONNULL = YES;
				CLANG_ANALYZER_NUMBER_OBJECT_CONVERSION = YES_AGGRESSIVE;
				CLANG_CXX_LANGUAGE_STANDARD = "gnu++17";
				CLANG_ENABLE_MODULES = YES;
				CLANG_ENABLE_OBJC_ARC = YES;
				CLANG_ENABLE_OBJC_WEAK = YES;
				CLANG_WARN_BLOCK_CAPTURE_AUTORELEASING = YES;
				CLANG_WARN_BOOL_CONVERSION = YES;
				CLANG_WARN_COMMA = YES;
				CLANG_WARN_CONSTANT_CONVERSION = YES;
				CLANG_WARN_DEPRECATED_OBJC_IMPLEMENTATIONS = YES;
				CLANG_WARN_DIRECT_OBJC_ISA_USAGE = YES_ERROR;
				CLANG_WARN_DOCUMENTATION_COMMENTS = YES;
				CLANG_WARN_EMPTY_BODY = YES;
				CLANG_WARN_ENUM_CONVERSION = YES;
				CLANG_WARN_INFINITE_RECURSION = YES;
				CLANG_WARN_INT_CONVERSION = YES;
				CLANG_WARN_NON_LITERAL_NULL_CONVERSION = YES;
				CLANG_WARN_OBJC_IMPLICIT_RETAIN_SELF = YES;
				CLANG_WARN_OBJC_LITERAL_CONVERSION = YES;
				CLANG_WARN_OBJC_ROOT_CLASS = YES_ERROR;
				CLANG_WARN_QUOTED_INCLUDE_IN_FRAMEWORK_HEADER = YES;
				CLANG_WARN_RANGE_LOOP_ANALYSIS = YES;
				CLANG_WARN_STRICT_PROTOTYPES = YES;
				CLANG_WARN_SUSPICIOUS_MOVE = YES;
				CLANG_WARN_UNGUARDED_AVAILABILITY = YES_AGGRESSIVE;
				CLANG_WARN_UNREACHABLE_CODE = YES;
				CLANG_WARN__DUPLICATE_METHOD_MATCH = YES;
				COPY_PHASE_STRIP = NO;
				DEBUG_INFORMATION_FORMAT = dwarf;
				ENABLE_STRICT_OBJC_MSGSEND = YES;
				ENABLE_TESTABILITY = YES;
				GCC_C_LANGUAGE_STANDARD = gnu11;
				GCC_DYNAMIC_NO_PIC = NO;
				GCC_NO_COMMON_BLOCKS = YES;
				GCC_OPTIMIZATION_LEVEL = 0;
				GCC_PREPROCESSOR_DEFINITIONS = (
					"DEBUG=1",
					"$(inherited)",
				);
				GCC_WARN_64_TO_32_BIT_CONVERSION = YES;
				GCC_WARN_ABOUT_RETURN_TYPE = YES_ERROR;
				GCC_WARN_UNDECLARED_SELECTOR = YES;
				GCC_WARN_UNINITIALIZED_AUTOS = YES_AGGRESSIVE;
				GCC_WARN_UNUSED_FUNCTION = YES;
				GCC_WARN_UNUSED_VARIABLE = YES;
				IPHONEOS_DEPLOYMENT_TARGET = 15.5;
				MTL_ENABLE_DEBUG_INFO = INCLUDE_SOURCE;
				MTL_FAST_MATH = YES;
				ONLY_ACTIVE_ARCH = YES;
				SDKROOT = iphoneos;
				SWIFT_ACTIVE_COMPILATION_CONDITIONS = DEBUG;
				SWIFT_OPTIMIZATION_LEVEL = "-Onone";
			};
			name = Debug;
		};
		B14D326328A6DCA100F0893A /* Release */ = {
			isa = XCBuildConfiguration;
			buildSettings = {
				ALWAYS_SEARCH_USER_PATHS = NO;
				CLANG_ANALYZER_NONNULL = YES;
				CLANG_ANALYZER_NUMBER_OBJECT_CONVERSION = YES_AGGRESSIVE;
				CLANG_CXX_LANGUAGE_STANDARD = "gnu++17";
				CLANG_ENABLE_MODULES = YES;
				CLANG_ENABLE_OBJC_ARC = YES;
				CLANG_ENABLE_OBJC_WEAK = YES;
				CLANG_WARN_BLOCK_CAPTURE_AUTORELEASING = YES;
				CLANG_WARN_BOOL_CONVERSION = YES;
				CLANG_WARN_COMMA = YES;
				CLANG_WARN_CONSTANT_CONVERSION = YES;
				CLANG_WARN_DEPRECATED_OBJC_IMPLEMENTATIONS = YES;
				CLANG_WARN_DIRECT_OBJC_ISA_USAGE = YES_ERROR;
				CLANG_WARN_DOCUMENTATION_COMMENTS = YES;
				CLANG_WARN_EMPTY_BODY = YES;
				CLANG_WARN_ENUM_CONVERSION = YES;
				CLANG_WARN_INFINITE_RECURSION = YES;
				CLANG_WARN_INT_CONVERSION = YES;
				CLANG_WARN_NON_LITERAL_NULL_CONVERSION = YES;
				CLANG_WARN_OBJC_IMPLICIT_RETAIN_SELF = YES;
				CLANG_WARN_OBJC_LITERAL_CONVERSION = YES;
				CLANG_WARN_OBJC_ROOT_CLASS = YES_ERROR;
				CLANG_WARN_QUOTED_INCLUDE_IN_FRAMEWORK_HEADER = YES;
				CLANG_WARN_RANGE_LOOP_ANALYSIS = YES;
				CLANG_WARN_STRICT_PROTOTYPES = YES;
				CLANG_WARN_SUSPICIOUS_MOVE = YES;
				CLANG_WARN_UNGUARDED_AVAILABILITY = YES_AGGRESSIVE;
				CLANG_WARN_UNREACHABLE_CODE = YES;
				CLANG_WARN__DUPLICATE_METHOD_MATCH = YES;
				COPY_PHASE_STRIP = NO;
				DEBUG_INFORMATION_FORMAT = "dwarf-with-dsym";
				ENABLE_NS_ASSERTIONS = NO;
				ENABLE_STRICT_OBJC_MSGSEND = YES;
				GCC_C_LANGUAGE_STANDARD = gnu11;
				GCC_NO_COMMON_BLOCKS = YES;
				GCC_WARN_64_TO_32_BIT_CONVERSION = YES;
				GCC_WARN_ABOUT_RETURN_TYPE = YES_ERROR;
				GCC_WARN_UNDECLARED_SELECTOR = YES;
				GCC_WARN_UNINITIALIZED_AUTOS = YES_AGGRESSIVE;
				GCC_WARN_UNUSED_FUNCTION = YES;
				GCC_WARN_UNUSED_VARIABLE = YES;
				IPHONEOS_DEPLOYMENT_TARGET = 15.5;
				MTL_ENABLE_DEBUG_INFO = NO;
				MTL_FAST_MATH = YES;
				SDKROOT = iphoneos;
				SWIFT_COMPILATION_MODE = wholemodule;
				SWIFT_OPTIMIZATION_LEVEL = "-O";
				VALIDATE_PRODUCT = YES;
			};
			name = Release;
		};
		B14D326528A6DCA100F0893A /* Debug */ = {
			isa = XCBuildConfiguration;
			buildSettings = {
				ASSETCATALOG_COMPILER_APPICON_NAME = AppIcon;
				ASSETCATALOG_COMPILER_GLOBAL_ACCENT_COLOR_NAME = AccentColor;
				CODE_SIGN_STYLE = Automatic;
				CURRENT_PROJECT_VERSION = 1;
				GENERATE_INFOPLIST_FILE = YES;
				INFOPLIST_FILE = sololearn/Info.plist;
				INFOPLIST_KEY_UIApplicationSupportsIndirectInputEvents = YES;
				INFOPLIST_KEY_UILaunchStoryboardName = LaunchScreen;
				INFOPLIST_KEY_UIMainStoryboardFile = Main;
				INFOPLIST_KEY_UISupportedInterfaceOrientations_iPad = "UIInterfaceOrientationPortrait UIInterfaceOrientationPortraitUpsideDown UIInterfaceOrientationLandscapeLeft UIInterfaceOrientationLandscapeRight";
				INFOPLIST_KEY_UISupportedInterfaceOrientations_iPhone = "UIInterfaceOrientationPortrait UIInterfaceOrientationLandscapeLeft UIInterfaceOrientationLandscapeRight";
				LD_RUNPATH_SEARCH_PATHS = (
					"$(inherited)",
					"@executable_path/Frameworks",
				);
				MARKETING_VERSION = 1.0;
				PRODUCT_BUNDLE_IDENTIFIER = Reza.sololearn;
				PRODUCT_NAME = "$(TARGET_NAME)";
				SWIFT_EMIT_LOC_STRINGS = YES;
				SWIFT_VERSION = 5.0;
				TARGETED_DEVICE_FAMILY = "1,2";
			};
			name = Debug;
		};
		B14D326628A6DCA100F0893A /* Release */ = {
			isa = XCBuildConfiguration;
			buildSettings = {
				ASSETCATALOG_COMPILER_APPICON_NAME = AppIcon;
				ASSETCATALOG_COMPILER_GLOBAL_ACCENT_COLOR_NAME = AccentColor;
				CODE_SIGN_STYLE = Automatic;
				CURRENT_PROJECT_VERSION = 1;
				GENERATE_INFOPLIST_FILE = YES;
				INFOPLIST_FILE = sololearn/Info.plist;
				INFOPLIST_KEY_UIApplicationSupportsIndirectInputEvents = YES;
				INFOPLIST_KEY_UILaunchStoryboardName = LaunchScreen;
				INFOPLIST_KEY_UIMainStoryboardFile = Main;
				INFOPLIST_KEY_UISupportedInterfaceOrientations_iPad = "UIInterfaceOrientationPortrait UIInterfaceOrientationPortraitUpsideDown UIInterfaceOrientationLandscapeLeft UIInterfaceOrientationLandscapeRight";
				INFOPLIST_KEY_UISupportedInterfaceOrientations_iPhone = "UIInterfaceOrientationPortrait UIInterfaceOrientationLandscapeLeft UIInterfaceOrientationLandscapeRight";
				LD_RUNPATH_SEARCH_PATHS = (
					"$(inherited)",
					"@executable_path/Frameworks",
				);
				MARKETING_VERSION = 1.0;
				PRODUCT_BUNDLE_IDENTIFIER = Reza.sololearn;
				PRODUCT_NAME = "$(TARGET_NAME)";
				SWIFT_EMIT_LOC_STRINGS = YES;
				SWIFT_VERSION = 5.0;
				TARGETED_DEVICE_FAMILY = "1,2";
			};
			name = Release;
		};
		B14D326828A6DCA100F0893A /* Debug */ = {
			isa = XCBuildConfiguration;
			buildSettings = {
				ALWAYS_EMBED_SWIFT_STANDARD_LIBRARIES = YES;
				BUNDLE_LOADER = "$(TEST_HOST)";
				CODE_SIGN_STYLE = Automatic;
				CURRENT_PROJECT_VERSION = 1;
				GENERATE_INFOPLIST_FILE = YES;
				IPHONEOS_DEPLOYMENT_TARGET = 15.5;
				MARKETING_VERSION = 1.0;
				PRODUCT_BUNDLE_IDENTIFIER = Reza.sololearnTests;
				PRODUCT_NAME = "$(TARGET_NAME)";
				SWIFT_EMIT_LOC_STRINGS = NO;
				SWIFT_VERSION = 5.0;
				TARGETED_DEVICE_FAMILY = "1,2";
				TEST_HOST = "$(BUILT_PRODUCTS_DIR)/sololearn.app/sololearn";
			};
			name = Debug;
		};
		B14D326928A6DCA100F0893A /* Release */ = {
			isa = XCBuildConfiguration;
			buildSettings = {
				ALWAYS_EMBED_SWIFT_STANDARD_LIBRARIES = YES;
				BUNDLE_LOADER = "$(TEST_HOST)";
				CODE_SIGN_STYLE = Automatic;
				CURRENT_PROJECT_VERSION = 1;
				GENERATE_INFOPLIST_FILE = YES;
				IPHONEOS_DEPLOYMENT_TARGET = 15.5;
				MARKETING_VERSION = 1.0;
				PRODUCT_BUNDLE_IDENTIFIER = Reza.sololearnTests;
				PRODUCT_NAME = "$(TARGET_NAME)";
				SWIFT_EMIT_LOC_STRINGS = NO;
				SWIFT_VERSION = 5.0;
				TARGETED_DEVICE_FAMILY = "1,2";
				TEST_HOST = "$(BUILT_PRODUCTS_DIR)/sololearn.app/sololearn";
			};
			name = Release;
		};
		B14D326B28A6DCA100F0893A /* Debug */ = {
			isa = XCBuildConfiguration;
			buildSettings = {
				ALWAYS_EMBED_SWIFT_STANDARD_LIBRARIES = YES;
				CODE_SIGN_STYLE = Automatic;
				CURRENT_PROJECT_VERSION = 1;
				GENERATE_INFOPLIST_FILE = YES;
				MARKETING_VERSION = 1.0;
				PRODUCT_BUNDLE_IDENTIFIER = Reza.sololearnUITests;
				PRODUCT_NAME = "$(TARGET_NAME)";
				SWIFT_EMIT_LOC_STRINGS = NO;
				SWIFT_VERSION = 5.0;
				TARGETED_DEVICE_FAMILY = "1,2";
				TEST_TARGET_NAME = sololearn;
			};
			name = Debug;
		};
		B14D326C28A6DCA100F0893A /* Release */ = {
			isa = XCBuildConfiguration;
			buildSettings = {
				ALWAYS_EMBED_SWIFT_STANDARD_LIBRARIES = YES;
				CODE_SIGN_STYLE = Automatic;
				CURRENT_PROJECT_VERSION = 1;
				GENERATE_INFOPLIST_FILE = YES;
				MARKETING_VERSION = 1.0;
				PRODUCT_BUNDLE_IDENTIFIER = Reza.sololearnUITests;
				PRODUCT_NAME = "$(TARGET_NAME)";
				SWIFT_EMIT_LOC_STRINGS = NO;
				SWIFT_VERSION = 5.0;
				TARGETED_DEVICE_FAMILY = "1,2";
				TEST_TARGET_NAME = sololearn;
			};
			name = Release;
		};
/* End XCBuildConfiguration section */

/* Begin XCConfigurationList section */
		B14D323528A6DC9F00F0893A /* Build configuration list for PBXProject "sololearn" */ = {
			isa = XCConfigurationList;
			buildConfigurations = (
				B14D326228A6DCA100F0893A /* Debug */,
				B14D326328A6DCA100F0893A /* Release */,
			);
			defaultConfigurationIsVisible = 0;
			defaultConfigurationName = Release;
		};
		B14D326428A6DCA100F0893A /* Build configuration list for PBXNativeTarget "sololearn" */ = {
			isa = XCConfigurationList;
			buildConfigurations = (
				B14D326528A6DCA100F0893A /* Debug */,
				B14D326628A6DCA100F0893A /* Release */,
			);
			defaultConfigurationIsVisible = 0;
			defaultConfigurationName = Release;
		};
		B14D326728A6DCA100F0893A /* Build configuration list for PBXNativeTarget "sololearnTests" */ = {
			isa = XCConfigurationList;
			buildConfigurations = (
				B14D326828A6DCA100F0893A /* Debug */,
				B14D326928A6DCA100F0893A /* Release */,
			);
			defaultConfigurationIsVisible = 0;
			defaultConfigurationName = Release;
		};
		B14D326A28A6DCA100F0893A /* Build configuration list for PBXNativeTarget "sololearnUITests" */ = {
			isa = XCConfigurationList;
			buildConfigurations = (
				B14D326B28A6DCA100F0893A /* Debug */,
				B14D326C28A6DCA100F0893A /* Release */,
			);
			defaultConfigurationIsVisible = 0;
			defaultConfigurationName = Release;
		};
/* End XCConfigurationList section */
	};
	rootObject = B14D323228A6DC9F00F0893A /* Project object */;
}
